
Microsoft Visual Studio Solution File, Format Version 12.00
# Visual Studio Version 17
VisualStudioVersion = 17.8.34330.188
MinimumVisualStudioVersion = 10.0.40219.1
Project("{2150E333-8FDC-42A3-9474-1A3956D46DE8}") = "Core", "Core", "{A70EA933-1E38-4600-B3CD-F64D5ABF034F}"
EndProject
Project("{2150E333-8FDC-42A3-9474-1A3956D46DE8}") = "Infrastructure", "Infrastructure", "{47693BBB-F595-4AE4-8DB9-EB0010745E8A}"
EndProject
Project("{2150E333-8FDC-42A3-9474-1A3956D46DE8}") = "Presentation", "Presentation", "{291DABBC-03E4-4F0F-A256-A2B2A4E0FC95}"
EndProject
Project("{FAE04EC0-301F-11D3-BF4B-00C04F79EFBC}") = "Trashcan.Api", "Trashcan.Api\Trashcan.Api.csproj", "{61065BE2-44C4-4BF7-977C-29686723EFF1}"
EndProject
Project("{FAE04EC0-301F-11D3-BF4B-00C04F79EFBC}") = "Trashcan.Domain", "Trashcan.Domain\Trashcan.Domain.csproj", "{D287AAB1-A428-4763-AFC9-F7EB29C1B0B0}"
EndProject
Project("{FAE04EC0-301F-11D3-BF4B-00C04F79EFBC}") = "Trashcan.DAL", "Trashcan.DAL\Trashcan.DAL.csproj", "{56971493-34E7-458C-8F39-6BF94FADFD25}"
EndProject
Global
	GlobalSection(SolutionConfigurationPlatforms) = preSolution
		Debug|Any CPU = Debug|Any CPU
		Release|Any CPU = Release|Any CPU
	EndGlobalSection
	GlobalSection(ProjectConfigurationPlatforms) = postSolution
		{61065BE2-44C4-4BF7-977C-29686723EFF1}.Debug|Any CPU.ActiveCfg = Debug|Any CPU
		{61065BE2-44C4-4BF7-977C-29686723EFF1}.Debug|Any CPU.Build.0 = Debug|Any CPU
		{61065BE2-44C4-4BF7-977C-29686723EFF1}.Release|Any CPU.ActiveCfg = Release|Any CPU
		{61065BE2-44C4-4BF7-977C-29686723EFF1}.Release|Any CPU.Build.0 = Release|Any CPU
		{D287AAB1-A428-4763-AFC9-F7EB29C1B0B0}.Debug|Any CPU.ActiveCfg = Debug|Any CPU
		{D287AAB1-A428-4763-AFC9-F7EB29C1B0B0}.Debug|Any CPU.Build.0 = Debug|Any CPU
		{D287AAB1-A428-4763-AFC9-F7EB29C1B0B0}.Release|Any CPU.ActiveCfg = Release|Any CPU
		{D287AAB1-A428-4763-AFC9-F7EB29C1B0B0}.Release|Any CPU.Build.0 = Release|Any CPU
		{56971493-34E7-458C-8F39-6BF94FADFD25}.Debug|Any CPU.ActiveCfg = Debug|Any CPU
		{56971493-34E7-458C-8F39-6BF94FADFD25}.Debug|Any CPU.Build.0 = Debug|Any CPU
		{56971493-34E7-458C-8F39-6BF94FADFD25}.Release|Any CPU.ActiveCfg = Release|Any CPU
		{56971493-34E7-458C-8F39-6BF94FADFD25}.Release|Any CPU.Build.0 = Release|Any CPU
	EndGlobalSection
	GlobalSection(SolutionProperties) = preSolution
		HideSolutionNode = FALSE
	EndGlobalSection
	GlobalSection(NestedProjects) = preSolution
		{61065BE2-44C4-4BF7-977C-29686723EFF1} = {291DABBC-03E4-4F0F-A256-A2B2A4E0FC95}
		{D287AAB1-A428-4763-AFC9-F7EB29C1B0B0} = {A70EA933-1E38-4600-B3CD-F64D5ABF034F}
		{56971493-34E7-458C-8F39-6BF94FADFD25} = {47693BBB-F595-4AE4-8DB9-EB0010745E8A}
	EndGlobalSection
	GlobalSection(ExtensibilityGlobals) = postSolution
		SolutionGuid = {D0A6628E-CD54-4962-97BF-057CFEBD4903}
	EndGlobalSection
EndGlobal
